
Microsoft Visual Studio Solution File, Format Version 12.00
# Visual Studio Version 17
VisualStudioVersion = 17.2.32630.192
MinimumVisualStudioVersion = 10.0.40219.1
Project("{FAE04EC0-301F-11D3-BF4B-00C04F79EFBC}") = "SchoolBusApi", "SchoolBusApi\SchoolBusApi.csproj", "{A5E18FCF-150A-4E1E-942B-39898ABA37FD}"
EndProject
Global
	GlobalSection(SolutionConfigurationPlatforms) = preSolution
		Debug|Any CPU = Debug|Any CPU
		Release|Any CPU = Release|Any CPU
	EndGlobalSection
	GlobalSection(ProjectConfigurationPlatforms) = postSolution
		{A5E18FCF-150A-4E1E-942B-39898ABA37FD}.Debug|Any CPU.ActiveCfg = Debug|Any CPU
		{A5E18FCF-150A-4E1E-942B-39898ABA37FD}.Debug|Any CPU.Build.0 = Debug|Any CPU
		{A5E18FCF-150A-4E1E-942B-39898ABA37FD}.Release|Any CPU.ActiveCfg = Release|Any CPU
		{A5E18FCF-150A-4E1E-942B-39898ABA37FD}.Release|Any CPU.Build.0 = Release|Any CPU
	EndGlobalSection
	GlobalSection(SolutionProperties) = preSolution
		HideSolutionNode = FALSE
	EndGlobalSection
	GlobalSection(ExtensibilityGlobals) = postSolution
		SolutionGuid = {911AFE43-8020-4500-91E9-B2B31B4FCF30}
	EndGlobalSection
EndGlobal
